
Microsoft Visual Studio Solution File, Format Version 12.00
# Visual Studio Version 17
VisualStudioVersion = 17.11.35303.130
MinimumVisualStudioVersion = 10.0.40219.1
Project("{8BC9CEB8-8B4A-11D0-8D11-00A0C91BC942}") = "Project1", "Project1.vcxproj", "{4725DA42-E44C-4806-B270-3FF1C609DD09}"
EndProject
Project("{8BC9CEB8-8B4A-11D0-8D11-00A0C91BC942}") = "UnitTest1", "..\UnitTest1\UnitTest1.vcxproj", "{B2B40937-8105-459A-A0DC-AC1025498878}"
EndProject
Global
	GlobalSection(SolutionConfigurationPlatforms) = preSolution
		Debug|x64 = Debug|x64
		Debug|x86 = Debug|x86
		Release|x64 = Release|x64
		Release|x86 = Release|x86
	EndGlobalSection
	GlobalSection(ProjectConfigurationPlatforms) = postSolution
		{4725DA42-E44C-4806-B270-3FF1C609DD09}.Debug|x64.ActiveCfg = Debug|x64
		{4725DA42-E44C-4806-B270-3FF1C609DD09}.Debug|x64.Build.0 = Debug|x64
		{4725DA42-E44C-4806-B270-3FF1C609DD09}.Debug|x86.ActiveCfg = Debug|Win32
		{4725DA42-E44C-4806-B270-3FF1C609DD09}.Debug|x86.Build.0 = Debug|Win32
		{4725DA42-E44C-4806-B270-3FF1C609DD09}.Release|x64.ActiveCfg = Release|x64
		{4725DA42-E44C-4806-B270-3FF1C609DD09}.Release|x64.Build.0 = Release|x64
		{4725DA42-E44C-4806-B270-3FF1C609DD09}.Release|x86.ActiveCfg = Release|Win32
		{4725DA42-E44C-4806-B270-3FF1C609DD09}.Release|x86.Build.0 = Release|Win32
		{B2B40937-8105-459A-A0DC-AC1025498878}.Debug|x64.ActiveCfg = Debug|x64
		{B2B40937-8105-459A-A0DC-AC1025498878}.Debug|x64.Build.0 = Debug|x64
		{B2B40937-8105-459A-A0DC-AC1025498878}.Debug|x86.ActiveCfg = Debug|Win32
		{B2B40937-8105-459A-A0DC-AC1025498878}.Debug|x86.Build.0 = Debug|Win32
		{B2B40937-8105-459A-A0DC-AC1025498878}.Release|x64.ActiveCfg = Release|x64
		{B2B40937-8105-459A-A0DC-AC1025498878}.Release|x64.Build.0 = Release|x64
		{B2B40937-8105-459A-A0DC-AC1025498878}.Release|x86.ActiveCfg = Release|Win32
		{B2B40937-8105-459A-A0DC-AC1025498878}.Release|x86.Build.0 = Release|Win32
	EndGlobalSection
	GlobalSection(SolutionProperties) = preSolution
		HideSolutionNode = FALSE
	EndGlobalSection
	GlobalSection(ExtensibilityGlobals) = postSolution
		SolutionGuid = {9CB097B0-2758-4CED-A3B2-65DCDFEC670A}
	EndGlobalSection
EndGlobal
